
Microsoft Visual Studio Solution File, Format Version 12.00
# Visual Studio Version 17
VisualStudioVersion = 17.0.31903.59
MinimumVisualStudioVersion = 10.0.40219.1
Project("{FAE04EC0-301F-11D3-BF4B-00C04F79EFBC}") = "Clients.API", "Clients.API\Clients.API.csproj", "{48C47EB2-2590-4229-BF58-A7354925FD12}"
EndProject
Project("{FAE04EC0-301F-11D3-BF4B-00C04F79EFBC}") = "Clients.Application", "Clients.Application\Clients.Application.csproj", "{628EC9D6-23EA-43F7-AF66-34FB2F6C71E5}"
EndProject
Project("{FAE04EC0-301F-11D3-BF4B-00C04F79EFBC}") = "Clients.Infrastructure", "Clients.Infrastructure\Clients.Infrastructure.csproj", "{0DA59D8C-8B6B-445F-874A-EABC16A1C52F}"
EndProject
Project("{2150E333-8FDC-42A3-9474-1A3956D46DE8}") = "src", "src", "{02EA681E-C7D8-13C7-8484-4AC65E1B71E8}"
EndProject
Global
	GlobalSection(SolutionConfigurationPlatforms) = preSolution
		Debug|Any CPU = Debug|Any CPU
		Debug|x64 = Debug|x64
		Debug|x86 = Debug|x86
		Release|Any CPU = Release|Any CPU
		Release|x64 = Release|x64
		Release|x86 = Release|x86
	EndGlobalSection
	GlobalSection(ProjectConfigurationPlatforms) = postSolution
		{48C47EB2-2590-4229-BF58-A7354925FD12}.Debug|Any CPU.ActiveCfg = Debug|Any CPU
		{48C47EB2-2590-4229-BF58-A7354925FD12}.Debug|Any CPU.Build.0 = Debug|Any CPU
		{48C47EB2-2590-4229-BF58-A7354925FD12}.Debug|x64.ActiveCfg = Debug|Any CPU
		{48C47EB2-2590-4229-BF58-A7354925FD12}.Debug|x64.Build.0 = Debug|Any CPU
		{48C47EB2-2590-4229-BF58-A7354925FD12}.Debug|x86.ActiveCfg = Debug|Any CPU
		{48C47EB2-2590-4229-BF58-A7354925FD12}.Debug|x86.Build.0 = Debug|Any CPU
		{48C47EB2-2590-4229-BF58-A7354925FD12}.Release|Any CPU.ActiveCfg = Release|Any CPU
		{48C47EB2-2590-4229-BF58-A7354925FD12}.Release|Any CPU.Build.0 = Release|Any CPU
		{48C47EB2-2590-4229-BF58-A7354925FD12}.Release|x64.ActiveCfg = Release|Any CPU
		{48C47EB2-2590-4229-BF58-A7354925FD12}.Release|x64.Build.0 = Release|Any CPU
		{48C47EB2-2590-4229-BF58-A7354925FD12}.Release|x86.ActiveCfg = Release|Any CPU
		{48C47EB2-2590-4229-BF58-A7354925FD12}.Release|x86.Build.0 = Release|Any CPU
		{628EC9D6-23EA-43F7-AF66-34FB2F6C71E5}.Debug|Any CPU.ActiveCfg = Debug|Any CPU
		{628EC9D6-23EA-43F7-AF66-34FB2F6C71E5}.Debug|Any CPU.Build.0 = Debug|Any CPU
		{628EC9D6-23EA-43F7-AF66-34FB2F6C71E5}.Debug|x64.ActiveCfg = Debug|Any CPU
		{628EC9D6-23EA-43F7-AF66-34FB2F6C71E5}.Debug|x64.Build.0 = Debug|Any CPU
		{628EC9D6-23EA-43F7-AF66-34FB2F6C71E5}.Debug|x86.ActiveCfg = Debug|Any CPU
		{628EC9D6-23EA-43F7-AF66-34FB2F6C71E5}.Debug|x86.Build.0 = Debug|Any CPU
		{628EC9D6-23EA-43F7-AF66-34FB2F6C71E5}.Release|Any CPU.ActiveCfg = Release|Any CPU
		{628EC9D6-23EA-43F7-AF66-34FB2F6C71E5}.Release|Any CPU.Build.0 = Release|Any CPU
		{628EC9D6-23EA-43F7-AF66-34FB2F6C71E5}.Release|x64.ActiveCfg = Release|Any CPU
		{628EC9D6-23EA-43F7-AF66-34FB2F6C71E5}.Release|x64.Build.0 = Release|Any CPU
		{628EC9D6-23EA-43F7-AF66-34FB2F6C71E5}.Release|x86.ActiveCfg = Release|Any CPU
		{628EC9D6-23EA-43F7-AF66-34FB2F6C71E5}.Release|x86.Build.0 = Release|Any CPU
		{0DA59D8C-8B6B-445F-874A-EABC16A1C52F}.Debug|Any CPU.ActiveCfg = Debug|Any CPU
		{0DA59D8C-8B6B-445F-874A-EABC16A1C52F}.Debug|Any CPU.Build.0 = Debug|Any CPU
		{0DA59D8C-8B6B-445F-874A-EABC16A1C52F}.Debug|x64.ActiveCfg = Debug|Any CPU
		{0DA59D8C-8B6B-445F-874A-EABC16A1C52F}.Debug|x64.Build.0 = Debug|Any CPU
		{0DA59D8C-8B6B-445F-874A-EABC16A1C52F}.Debug|x86.ActiveCfg = Debug|Any CPU
		{0DA59D8C-8B6B-445F-874A-EABC16A1C52F}.Debug|x86.Build.0 = Debug|Any CPU
		{0DA59D8C-8B6B-445F-874A-EABC16A1C52F}.Release|Any CPU.ActiveCfg = Release|Any CPU
		{0DA59D8C-8B6B-445F-874A-EABC16A1C52F}.Release|Any CPU.Build.0 = Release|Any CPU
		{0DA59D8C-8B6B-445F-874A-EABC16A1C52F}.Release|x64.ActiveCfg = Release|Any CPU
		{0DA59D8C-8B6B-445F-874A-EABC16A1C52F}.Release|x64.Build.0 = Release|Any CPU
		{0DA59D8C-8B6B-445F-874A-EABC16A1C52F}.Release|x86.ActiveCfg = Release|Any CPU
		{0DA59D8C-8B6B-445F-874A-EABC16A1C52F}.Release|x86.Build.0 = Release|Any CPU
	EndGlobalSection
	GlobalSection(SolutionProperties) = preSolution
		HideSolutionNode = FALSE
	EndGlobalSection
	GlobalSection(NestedProjects) = preSolution
		{48C47EB2-2590-4229-BF58-A7354925FD12} = {02EA681E-C7D8-13C7-8484-4AC65E1B71E8}
		{628EC9D6-23EA-43F7-AF66-34FB2F6C71E5} = {02EA681E-C7D8-13C7-8484-4AC65E1B71E8}
		{0DA59D8C-8B6B-445F-874A-EABC16A1C52F} = {02EA681E-C7D8-13C7-8484-4AC65E1B71E8}
	EndGlobalSection
	GlobalSection(ExtensibilityGlobals) = postSolution
		SolutionGuid = {0825A7D1-1855-4DE3-93BE-F6101E3987AA}
	EndGlobalSection
EndGlobal
