
Microsoft Visual Studio Solution File, Format Version 12.00
# Visual Studio Version 17
VisualStudioVersion = 17.0.31903.59
MinimumVisualStudioVersion = 10.0.40219.1
Project("{FAE04EC0-301F-11D3-BF4B-00C04F79EFBC}") = "Items.API", "Items.API\Items.API.csproj", "{3E9BFCEA-314D-48EF-9BEA-434DD85C00CA}"
EndProject
Project("{FAE04EC0-301F-11D3-BF4B-00C04F79EFBC}") = "Items.Application", "Items.Application\Items.Application.csproj", "{5816D972-4FC2-4AE2-AA9B-221D55EC54BD}"
EndProject
Project("{FAE04EC0-301F-11D3-BF4B-00C04F79EFBC}") = "Items.Domain", "Items.Domain\Items.Domain.csproj", "{AC6810E3-68F2-4038-A86C-6D340D9EFED4}"
EndProject
Project("{FAE04EC0-301F-11D3-BF4B-00C04F79EFBC}") = "Items.Persistence", "Items.Persistence\Items.Persistence.csproj", "{4C9A7C1F-1825-4782-9335-87EB3BD0402E}"
EndProject
Project("{2150E333-8FDC-42A3-9474-1A3956D46DE8}") = "Presentation", "Presentation", "{02EA681E-C7D8-13C7-8484-4AC65E1B71E8}"
EndProject
Project("{2150E333-8FDC-42A3-9474-1A3956D46DE8}") = "src", "src", "{2D9B6191-9E78-417C-AB4F-3185DFD47E26}"
EndProject
Project("{2150E333-8FDC-42A3-9474-1A3956D46DE8}") = "test", "test", "{08B13316-3BB1-4AE7-A647-06D9B1AEAFFF}"
EndProject
Project("{2150E333-8FDC-42A3-9474-1A3956D46DE8}") = "Core", "Core", "{E584BE96-EABF-4380-97F6-B2C11A0008CE}"
EndProject
Project("{2150E333-8FDC-42A3-9474-1A3956D46DE8}") = "Infrastructure", "Infrastructure", "{F0B2C351-503E-40AC-BF0C-1DB6AB477AA4}"
EndProject
Project("{2150E333-8FDC-42A3-9474-1A3956D46DE8}") = "res", "res", "{8EC462FD-D22E-90A8-E5CE-7E832BA40C5D}"
	ProjectSection(SolutionItems) = preProject
		res\CodeMap.dgml = res\CodeMap.dgml
	EndProjectSection
EndProject
Global
	GlobalSection(SolutionConfigurationPlatforms) = preSolution
		Debug|Any CPU = Debug|Any CPU
		Debug|x64 = Debug|x64
		Debug|x86 = Debug|x86
		Release|Any CPU = Release|Any CPU
		Release|x64 = Release|x64
		Release|x86 = Release|x86
	EndGlobalSection
	GlobalSection(ProjectConfigurationPlatforms) = postSolution
		{3E9BFCEA-314D-48EF-9BEA-434DD85C00CA}.Debug|Any CPU.ActiveCfg = Debug|Any CPU
		{3E9BFCEA-314D-48EF-9BEA-434DD85C00CA}.Debug|Any CPU.Build.0 = Debug|Any CPU
		{3E9BFCEA-314D-48EF-9BEA-434DD85C00CA}.Debug|x64.ActiveCfg = Debug|Any CPU
		{3E9BFCEA-314D-48EF-9BEA-434DD85C00CA}.Debug|x64.Build.0 = Debug|Any CPU
		{3E9BFCEA-314D-48EF-9BEA-434DD85C00CA}.Debug|x86.ActiveCfg = Debug|Any CPU
		{3E9BFCEA-314D-48EF-9BEA-434DD85C00CA}.Debug|x86.Build.0 = Debug|Any CPU
		{3E9BFCEA-314D-48EF-9BEA-434DD85C00CA}.Release|Any CPU.ActiveCfg = Release|Any CPU
		{3E9BFCEA-314D-48EF-9BEA-434DD85C00CA}.Release|Any CPU.Build.0 = Release|Any CPU
		{3E9BFCEA-314D-48EF-9BEA-434DD85C00CA}.Release|x64.ActiveCfg = Release|Any CPU
		{3E9BFCEA-314D-48EF-9BEA-434DD85C00CA}.Release|x64.Build.0 = Release|Any CPU
		{3E9BFCEA-314D-48EF-9BEA-434DD85C00CA}.Release|x86.ActiveCfg = Release|Any CPU
		{3E9BFCEA-314D-48EF-9BEA-434DD85C00CA}.Release|x86.Build.0 = Release|Any CPU
		{5816D972-4FC2-4AE2-AA9B-221D55EC54BD}.Debug|Any CPU.ActiveCfg = Debug|Any CPU
		{5816D972-4FC2-4AE2-AA9B-221D55EC54BD}.Debug|Any CPU.Build.0 = Debug|Any CPU
		{5816D972-4FC2-4AE2-AA9B-221D55EC54BD}.Debug|x64.ActiveCfg = Debug|Any CPU
		{5816D972-4FC2-4AE2-AA9B-221D55EC54BD}.Debug|x64.Build.0 = Debug|Any CPU
		{5816D972-4FC2-4AE2-AA9B-221D55EC54BD}.Debug|x86.ActiveCfg = Debug|Any CPU
		{5816D972-4FC2-4AE2-AA9B-221D55EC54BD}.Debug|x86.Build.0 = Debug|Any CPU
		{5816D972-4FC2-4AE2-AA9B-221D55EC54BD}.Release|Any CPU.ActiveCfg = Release|Any CPU
		{5816D972-4FC2-4AE2-AA9B-221D55EC54BD}.Release|Any CPU.Build.0 = Release|Any CPU
		{5816D972-4FC2-4AE2-AA9B-221D55EC54BD}.Release|x64.ActiveCfg = Release|Any CPU
		{5816D972-4FC2-4AE2-AA9B-221D55EC54BD}.Release|x64.Build.0 = Release|Any CPU
		{5816D972-4FC2-4AE2-AA9B-221D55EC54BD}.Release|x86.ActiveCfg = Release|Any CPU
		{5816D972-4FC2-4AE2-AA9B-221D55EC54BD}.Release|x86.Build.0 = Release|Any CPU
		{AC6810E3-68F2-4038-A86C-6D340D9EFED4}.Debug|Any CPU.ActiveCfg = Debug|Any CPU
		{AC6810E3-68F2-4038-A86C-6D340D9EFED4}.Debug|Any CPU.Build.0 = Debug|Any CPU
		{AC6810E3-68F2-4038-A86C-6D340D9EFED4}.Debug|x64.ActiveCfg = Debug|Any CPU
		{AC6810E3-68F2-4038-A86C-6D340D9EFED4}.Debug|x64.Build.0 = Debug|Any CPU
		{AC6810E3-68F2-4038-A86C-6D340D9EFED4}.Debug|x86.ActiveCfg = Debug|Any CPU
		{AC6810E3-68F2-4038-A86C-6D340D9EFED4}.Debug|x86.Build.0 = Debug|Any CPU
		{AC6810E3-68F2-4038-A86C-6D340D9EFED4}.Release|Any CPU.ActiveCfg = Release|Any CPU
		{AC6810E3-68F2-4038-A86C-6D340D9EFED4}.Release|Any CPU.Build.0 = Release|Any CPU
		{AC6810E3-68F2-4038-A86C-6D340D9EFED4}.Release|x64.ActiveCfg = Release|Any CPU
		{AC6810E3-68F2-4038-A86C-6D340D9EFED4}.Release|x64.Build.0 = Release|Any CPU
		{AC6810E3-68F2-4038-A86C-6D340D9EFED4}.Release|x86.ActiveCfg = Release|Any CPU
		{AC6810E3-68F2-4038-A86C-6D340D9EFED4}.Release|x86.Build.0 = Release|Any CPU
		{4C9A7C1F-1825-4782-9335-87EB3BD0402E}.Debug|Any CPU.ActiveCfg = Debug|Any CPU
		{4C9A7C1F-1825-4782-9335-87EB3BD0402E}.Debug|Any CPU.Build.0 = Debug|Any CPU
		{4C9A7C1F-1825-4782-9335-87EB3BD0402E}.Debug|x64.ActiveCfg = Debug|Any CPU
		{4C9A7C1F-1825-4782-9335-87EB3BD0402E}.Debug|x64.Build.0 = Debug|Any CPU
		{4C9A7C1F-1825-4782-9335-87EB3BD0402E}.Debug|x86.ActiveCfg = Debug|Any CPU
		{4C9A7C1F-1825-4782-9335-87EB3BD0402E}.Debug|x86.Build.0 = Debug|Any CPU
		{4C9A7C1F-1825-4782-9335-87EB3BD0402E}.Release|Any CPU.ActiveCfg = Release|Any CPU
		{4C9A7C1F-1825-4782-9335-87EB3BD0402E}.Release|Any CPU.Build.0 = Release|Any CPU
		{4C9A7C1F-1825-4782-9335-87EB3BD0402E}.Release|x64.ActiveCfg = Release|Any CPU
		{4C9A7C1F-1825-4782-9335-87EB3BD0402E}.Release|x64.Build.0 = Release|Any CPU
		{4C9A7C1F-1825-4782-9335-87EB3BD0402E}.Release|x86.ActiveCfg = Release|Any CPU
		{4C9A7C1F-1825-4782-9335-87EB3BD0402E}.Release|x86.Build.0 = Release|Any CPU
	EndGlobalSection
	GlobalSection(SolutionProperties) = preSolution
		HideSolutionNode = FALSE
	EndGlobalSection
	GlobalSection(NestedProjects) = preSolution
		{3E9BFCEA-314D-48EF-9BEA-434DD85C00CA} = {02EA681E-C7D8-13C7-8484-4AC65E1B71E8}
		{5816D972-4FC2-4AE2-AA9B-221D55EC54BD} = {E584BE96-EABF-4380-97F6-B2C11A0008CE}
		{AC6810E3-68F2-4038-A86C-6D340D9EFED4} = {E584BE96-EABF-4380-97F6-B2C11A0008CE}
		{4C9A7C1F-1825-4782-9335-87EB3BD0402E} = {F0B2C351-503E-40AC-BF0C-1DB6AB477AA4}
		{02EA681E-C7D8-13C7-8484-4AC65E1B71E8} = {2D9B6191-9E78-417C-AB4F-3185DFD47E26}
		{E584BE96-EABF-4380-97F6-B2C11A0008CE} = {2D9B6191-9E78-417C-AB4F-3185DFD47E26}
		{F0B2C351-503E-40AC-BF0C-1DB6AB477AA4} = {2D9B6191-9E78-417C-AB4F-3185DFD47E26}
	EndGlobalSection
	GlobalSection(ExtensibilityGlobals) = postSolution
		SolutionGuid = {985B5FF4-AA27-47B4-9159-9DE9FE899495}
	EndGlobalSection
EndGlobal
